
Microsoft Visual Studio Solution File, Format Version 12.00
# Visual Studio Version 16
VisualStudioVersion = 16.0.29230.47
MinimumVisualStudioVersion = 10.0.40219.1
Project("{FAE04EC0-301F-11D3-BF4B-00C04F79EFBC}") = "Week6-test", "Week6-test\Week6-test.csproj", "{4768DBDD-32D6-4E0F-9DD3-212FBB77D536}"
EndProject
Global
	GlobalSection(SolutionConfigurationPlatforms) = preSolution
		Debug|Any CPU = Debug|Any CPU
		Release|Any CPU = Release|Any CPU
	EndGlobalSection
	GlobalSection(ProjectConfigurationPlatforms) = postSolution
		{4768DBDD-32D6-4E0F-9DD3-212FBB77D536}.Debug|Any CPU.ActiveCfg = Debug|Any CPU
		{4768DBDD-32D6-4E0F-9DD3-212FBB77D536}.Debug|Any CPU.Build.0 = Debug|Any CPU
		{4768DBDD-32D6-4E0F-9DD3-212FBB77D536}.Release|Any CPU.ActiveCfg = Release|Any CPU
		{4768DBDD-32D6-4E0F-9DD3-212FBB77D536}.Release|Any CPU.Build.0 = Release|Any CPU
	EndGlobalSection
	GlobalSection(SolutionProperties) = preSolution
		HideSolutionNode = FALSE
	EndGlobalSection
	GlobalSection(ExtensibilityGlobals) = postSolution
		SolutionGuid = {A3864FBA-230C-4B3F-98C4-44C51BBC704C}
	EndGlobalSection
EndGlobal
